
Microsoft Visual Studio Solution File, Format Version 12.00
# Visual Studio Version 16
VisualStudioVersion = 16.0.30204.135
MinimumVisualStudioVersion = 10.0.40219.1
Project("{FAE04EC0-301F-11D3-BF4B-00C04F79EFBC}") = "BFC.RedisConnection", "BFC.RedisConnection\BFC.RedisConnection.csproj", "{B14E5F0A-ED23-415C-8FAD-27F9C51B43B2}"
EndProject
Project("{FAE04EC0-301F-11D3-BF4B-00C04F79EFBC}") = "BFC.RedisConnection.Test", "BFC.RedisConnection.Test\BFC.RedisConnection.Test.csproj", "{8AAA62B5-72C2-43A2-A2C4-F2E66B2F566C}"
EndProject
Global
	GlobalSection(SolutionConfigurationPlatforms) = preSolution
		Debug|Any CPU = Debug|Any CPU
		Release|Any CPU = Release|Any CPU
	EndGlobalSection
	GlobalSection(ProjectConfigurationPlatforms) = postSolution
		{B14E5F0A-ED23-415C-8FAD-27F9C51B43B2}.Debug|Any CPU.ActiveCfg = Debug|Any CPU
		{B14E5F0A-ED23-415C-8FAD-27F9C51B43B2}.Debug|Any CPU.Build.0 = Debug|Any CPU
		{B14E5F0A-ED23-415C-8FAD-27F9C51B43B2}.Release|Any CPU.ActiveCfg = Release|Any CPU
		{B14E5F0A-ED23-415C-8FAD-27F9C51B43B2}.Release|Any CPU.Build.0 = Release|Any CPU
		{8AAA62B5-72C2-43A2-A2C4-F2E66B2F566C}.Debug|Any CPU.ActiveCfg = Debug|Any CPU
		{8AAA62B5-72C2-43A2-A2C4-F2E66B2F566C}.Debug|Any CPU.Build.0 = Debug|Any CPU
		{8AAA62B5-72C2-43A2-A2C4-F2E66B2F566C}.Release|Any CPU.ActiveCfg = Release|Any CPU
		{8AAA62B5-72C2-43A2-A2C4-F2E66B2F566C}.Release|Any CPU.Build.0 = Release|Any CPU
	EndGlobalSection
	GlobalSection(SolutionProperties) = preSolution
		HideSolutionNode = FALSE
	EndGlobalSection
	GlobalSection(ExtensibilityGlobals) = postSolution
		SolutionGuid = {7FFE5236-D41D-43DE-BFFD-E62549C4B6D8}
	EndGlobalSection
EndGlobal
